schema: '2.0'
stages:
  data_ingestion:
    cmd: python src/data_ingestion.py
    deps:
    - path: src/data_ingestion.py
      hash: md5
      md5: 66cbb5dbef77173a3373b74c959695a0
      size: 3354
    params:
      params.yaml:
        data_ingestion.test_size: 0.3
    outs:
    - path: data/raw
      hash: md5
      md5: 1dae3fd145ea37eaab99959547bb99d6.dir
      size: 479272
      nfiles: 2
  preprocessing:
    cmd: python src/preprocessing.py
    deps:
    - path: data/raw
      hash: md5
      md5: 1dae3fd145ea37eaab99959547bb99d6.dir
      size: 479272
      nfiles: 2
    - path: src/preprocessing.py
      hash: md5
      md5: d3f64069875fddb13076b20b7344644d
      size: 3121
    outs:
    - path: data/intermediate
      hash: md5
      md5: 91d80631b72bc88148c9f0c49789af70.dir
      size: 257220
      nfiles: 2
  feature_engineering:
    cmd: python src/feature_engineering.py
    deps:
    - path: data/intermediate
      hash: md5
      md5: 91d80631b72bc88148c9f0c49789af70.dir
      size: 257220
      nfiles: 2
    - path: src/feature_engineering.py
      hash: md5
      md5: 4adc762f2669057c44c9d7b5db21096f
      size: 3575
    params:
      params.yaml:
        feature_engineering.max_features: 50
    outs:
    - path: data/processed
      hash: md5
      md5: 330ecf2ec5dd7c85fb3267d12e098778.dir
      size: 1182810
      nfiles: 2
  model_training:
    cmd: python src/model_training.py
    deps:
    - path: data/processed
      hash: md5
      md5: 330ecf2ec5dd7c85fb3267d12e098778.dir
      size: 1182810
      nfiles: 2
    - path: src/model_training.py
      hash: md5
      md5: 1fc6fca3c8c13fe26eb5d2145a43affe
      size: 3652
    params:
      params.yaml:
        model_training.n_estimators: 30
        model_training.random_state: 12
    outs:
    - path: model/model.pkl
      hash: md5
      md5: 82d7ab815c7dd07c47d5d7fcc4a4706d
      size: 1068450
  model_evaluation:
    cmd: python src/model_evaluation.py
    deps:
    - path: model/model.pkl
      hash: md5
      md5: 82d7ab815c7dd07c47d5d7fcc4a4706d
      size: 1068450
    - path: src/model_evaluation.py
      hash: md5
      md5: 1c3cd4485af845ad69ca7649202b800c
      size: 4264
    outs:
    - path: reports/metrices.json
      hash: md5
      md5: 82f410ef84fc9021d9fd79880ee48dcb
      size: 151
